github.com/Workiva/go-datastructures v1.0.52 h1:PLSK6pwn8mYdaoaCZEMsXBpBotr4HHn9abU0yMQt0NI=
github.com/Workiva/go-datastructures v1.0.52/go.mod h1:Z+F2Rca0qCsVYDS8z7bAGm8f3UkzuWYS/oBZz5a7VVA=
github.com/golang-collections/go-datastructures v0.0.0-20150211160725-59788d5eb259 h1:ZHJ7+IGpuOXtVf6Zk/a3WuHQgkC+vXwaqfUBDFwahtI=
github.com/golang-collections/go-datastructures v0.0.0-20150211160725-59788d5eb259/go.mod h1:9Qcha0gTWLw//0VNka1Cbnjvg3pNKGFdAm7E9sBabxE=
